// !$*UTF8*$!
{
	archiveVersion = 1;
	classes = {
	};
	objectVersion = 46;
	objects = {

/* Begin PBXBuildFile section */
		06D2C6FC1B4ECCB400C62D37 /* main.m in Sources */ = {isa = PBXBuildFile; fileRef = 06D2C6FB1B4ECCB400C62D37 /* main.m */; };
		06D2C6FF1B4ECCB400C62D37 /* AppDelegate.m in Sources */ = {isa = PBXBuildFile; fileRef = 06D2C6FE1B4ECCB400C62D37 /* AppDelegate.m */; };
		06D2C7021B4ECCB400C62D37 /* ViewController.m in Sources */ = {isa = PBXBuildFile; fileRef = 06D2C7011B4ECCB400C62D37 /* ViewController.m */; };
		06D2C7051B4ECCB400C62D37 /* Main.storyboard in Resources */ = {isa = PBXBuildFile; fileRef = 06D2C7031B4ECCB400C62D37 /* Main.storyboard */; };
		06D2C7071B4ECCB400C62D37 /* Images.xcassets in Resources */ = {isa = PBXBuildFile; fileRef = 06D2C7061B4ECCB400C62D37 /* Images.xcassets */; };
		06D2C70A1B4ECCB400C62D37 /* LaunchScreen.xib in Resources */ = {isa = PBXBuildFile; fileRef = 06D2C7081B4ECCB400C62D37 /* LaunchScreen.xib */; };
		06D2C7161B4ECCB400C62D37 /* Class_MethodsTests.m in Sources */ = {isa = PBXBuildFile; fileRef = 06D2C7151B4ECCB400C62D37 /* Class_MethodsTests.m */; };
		06D2C7211B4ECCED00C62D37 /* NameHelper.m in Sources */ = {isa = PBXBuildFile; fileRef = 06D2C7201B4ECCED00C62D37 /* NameHelper.m */; };
/* End PBXBuildFile section */

/* Begin PBXContainerItemProxy section */
		06D2C7101B4ECCB400C62D37 /* PBXContainerItemProxy */ = {
			isa = PBXContainerItemProxy;
			containerPortal = 06D2C6EE1B4ECCB400C62D37 /* Project object */;
			proxyType = 1;
			remoteGlobalIDString = 06D2C6F51B4ECCB400C62D37;
			remoteInfo = "Class Methods";
		};
/* End PBXContainerItemProxy section */

/* Begin PBXFileReference section */
		06D2C6F61B4ECCB400C62D37 /* Class Methods.app */ = {isa = PBXFileReference; explicitFileType = wrapper.application; includeInIndex = 0; path = "Class Methods.app"; sourceTree = BUILT_PRODUCTS_DIR; };
		06D2C6FA1B4ECCB400C62D37 /* Info.plist */ = {isa = PBXFileReference; lastKnownFileType = text.plist.xml; path = Info.plist; sourceTree = "<group>"; };
		06D2C6FB1B4ECCB400C62D37 /* main.m */ = {isa = PBXFileReference; lastKnownFileType = sourcecode.c.objc; path = main.m; sourceTree = "<group>"; };
		06D2C6FD1B4ECCB400C62D37 /* AppDelegate.h */ = {isa = PBXFileReference; lastKnownFileType = sourcecode.c.h; path = AppDelegate.h; sourceTree = "<group>"; };
		06D2C6FE1B4ECCB400C62D37 /* AppDelegate.m */ = {isa = PBXFileReference; lastKnownFileType = sourcecode.c.objc; path = AppDelegate.m; sourceTree = "<group>"; };
		06D2C7001B4ECCB400C62D37 /* ViewController.h */ = {isa = PBXFileReference; lastKnownFileType = sourcecode.c.h; path = ViewController.h; sourceTree = "<group>"; };
		06D2C7011B4ECCB400C62D37 /* ViewController.m */ = {isa = PBXFileReference; lastKnownFileType = sourcecode.c.objc; path = ViewController.m; sourceTree = "<group>"; };
		06D2C7041B4ECCB400C62D37 /* Base */ = {isa = PBXFileReference; lastKnownFileType = file.storyboard; name = Base; path = Base.lproj/Main.storyboard; sourceTree = "<group>"; };
		06D2C7061B4ECCB400C62D37 /* Images.xcassets */ = {isa = PBXFileReference; lastKnownFileType = folder.assetcatalog; path = Images.xcassets; sourceTree = "<group>"; };
		06D2C7091B4ECCB400C62D37 /* Base */ = {isa = PBXFileReference; lastKnownFileType = file.xib; name = Base; path = Base.lproj/LaunchScreen.xib; sourceTree = "<group>"; };
		06D2C70F1B4ECCB400C62D37 /* Class MethodsTests.xctest */ = {isa = PBXFileReference; explicitFileType = wrapper.cfbundle; includeInIndex = 0; path = "Class MethodsTests.xctest"; sourceTree = BUILT_PRODUCTS_DIR; };
		06D2C7141B4ECCB400C62D37 /* Info.plist */ = {isa = PBXFileReference; lastKnownFileType = text.plist.xml; path = Info.plist; sourceTree = "<group>"; };
		06D2C7151B4ECCB400C62D37 /* Class_MethodsTests.m */ = {isa = PBXFileReference; lastKnownFileType = sourcecode.c.objc; path = Class_MethodsTests.m; sourceTree = "<group>"; };
		06D2C71F1B4ECCED00C62D37 /* NameHelper.h */ = {isa = PBXFileReference; fileEncoding = 4; lastKnownFileType = sourcecode.c.h; path = NameHelper.h; sourceTree = "<group>"; };
		06D2C7201B4ECCED00C62D37 /* NameHelper.m */ = {isa = PBXFileReference; fileEncoding = 4; lastKnownFileType = sourcecode.c.objc; path = NameHelper.m; sourceTree = "<group>"; };
/* End PBXFileReference section */

/* Begin PBXFrameworksBuildPhase section */
		06D2C6F31B4ECCB400C62D37 /* Frameworks */ = {
			isa = PBXFrameworksBuildPhase;
			buildActionMask = 2147483647;
			files = (
			);
			runOnlyForDeploymentPostprocessing = 0;
		};
		06D2C70C1B4ECCB400C62D37 /* Frameworks */ = {
			isa = PBXFrameworksBuildPhase;
			buildActionMask = 2147483647;
			files = (
			);
			runOnlyForDeploymentPostprocessing = 0;
		};
/* End PBXFrameworksBuildPhase section */

/* Begin PBXGroup section */
		06D2C6ED1B4ECCB400C62D37 = {
			isa = PBXGroup;
			children = (
				06D2C6F81B4ECCB400C62D37 /* Class Methods */,
				06D2C7121B4ECCB400C62D37 /* Class MethodsTests */,
				06D2C6F71B4ECCB400C62D37 /* Products */,
			);
			sourceTree = "<group>";
		};
		06D2C6F71B4ECCB400C62D37 /* Products */ = {
			isa = PBXGroup;
			children = (
				06D2C6F61B4ECCB400C62D37 /* Class Methods.app */,
				06D2C70F1B4ECCB400C62D37 /* Class MethodsTests.xctest */,
			);
			name = Products;
			sourceTree = "<group>";
		};
		06D2C6F81B4ECCB400C62D37 /* Class Methods */ = {
			isa = PBXGroup;
			children = (
				06D2C6FD1B4ECCB400C62D37 /* AppDelegate.h */,
				06D2C6FE1B4ECCB400C62D37 /* AppDelegate.m */,
				06D2C71F1B4ECCED00C62D37 /* NameHelper.h */,
				06D2C7201B4ECCED00C62D37 /* NameHelper.m */,
				06D2C7001B4ECCB400C62D37 /* ViewController.h */,
				06D2C7011B4ECCB400C62D37 /* ViewController.m */,
				06D2C7031B4ECCB400C62D37 /* Main.storyboard */,
				06D2C7061B4ECCB400C62D37 /* Images.xcassets */,
				06D2C7081B4ECCB400C62D37 /* LaunchScreen.xib */,
				06D2C6F91B4ECCB400C62D37 /* Supporting Files */,
			);
			path = "Class Methods";
			sourceTree = "<group>";
		};
		06D2C6F91B4ECCB400C62D37 /* Supporting Files */ = {
			isa = PBXGroup;
			children = (
				06D2C6FA1B4ECCB400C62D37 /* Info.plist */,
				06D2C6FB1B4ECCB400C62D37 /* main.m */,
			);
			name = "Supporting Files";
			sourceTree = "<group>";
		};
		06D2C7121B4ECCB400C62D37 /* Class MethodsTests */ = {
			isa = PBXGroup;
			children = (
				06D2C7151B4ECCB400C62D37 /* Class_MethodsTests.m */,
				06D2C7131B4ECCB400C62D37 /* Supporting Files */,
			);
			path = "Class MethodsTests";
			sourceTree = "<group>";
		};
		06D2C7131B4ECCB400C62D37 /* Supporting Files */ = {
			isa = PBXGroup;
			children = (
				06D2C7141B4ECCB400C62D37 /* Info.plist */,
			);
			name = "Supporting Files";
			sourceTree = "<group>";
		};
/* End PBXGroup section */

/* Begin PBXNativeTarget section */
		06D2C6F51B4ECCB400C62D37 /* Class Methods */ = {
			isa = PBXNativeTarget;
			buildConfigurationList = 06D2C7191B4ECCB400C62D37 /* Build configuration list for PBXNativeTarget "Class Methods" */;
			buildPhases = (
				06D2C6F21B4ECCB400C62D37 /* Sources */,
				06D2C6F31B4ECCB400C62D37 /* Frameworks */,
				06D2C6F41B4ECCB400C62D37 /* Resources */,
			);
			buildRules = (
			);
			dependencies = (
			);
			name = "Class Methods";
			productName = "Class Methods";
			productReference = 06D2C6F61B4ECCB400C62D37 /* Class Methods.app */;
			productType = "com.apple.product-type.application";
		};
		06D2C70E1B4ECCB400C62D37 /* Class MethodsTests */ = {
			isa = PBXNativeTarget;
			buildConfigurationList = 06D2C71C1B4ECCB400C62D37 /* Build configuration list for PBXNativeTarget "Class MethodsTests" */;
			buildPhases = (
				06D2C70B1B4ECCB400C62D37 /* Sources */,
				06D2C70C1B4ECCB400C62D37 /* Frameworks */,
				06D2C70D1B4ECCB400C62D37 /* Resources */,
			);
			buildRules = (
			);
			dependencies = (
				06D2C7111B4ECCB400C62D37 /* PBXTargetDependency */,
			);
			name = "Class MethodsTests";
			productName = "Class MethodsTests";
			productReference = 06D2C70F1B4ECCB400C62D37 /* Class MethodsTests.xctest */;
			productType = "com.apple.product-type.bundle.unit-test";
		};
/* End PBXNativeTarget section */

/* Begin PBXProject section */
		06D2C6EE1B4ECCB400C62D37 /* Project object */ = {
			isa = PBXProject;
			attributes = {
				LastUpgradeCheck = 0640;
				ORGANIZATIONNAME = "Skyler Clark";
				TargetAttributes = {
					06D2C6F51B4ECCB400C62D37 = {
						CreatedOnToolsVersion = 6.4;
					};
					06D2C70E1B4ECCB400C62D37 = {
						CreatedOnToolsVersion = 6.4;
						TestTargetID = 06D2C6F51B4ECCB400C62D37;
					};
				};
			};
			buildConfigurationList = 06D2C6F11B4ECCB400C62D37 /* Build configuration list for PBXProject "Class Methods" */;
			compatibilityVersion = "Xcode 3.2";
			developmentRegion = English;
			hasScannedForEncodings = 0;
			knownRegions = (
				en,
				Base,
			);
			mainGroup = 06D2C6ED1B4ECCB400C62D37;
			productRefGroup = 06D2C6F71B4ECCB400C62D37 /* Products */;
			projectDirPath = "";
			projectRoot = "";
			targets = (
				06D2C6F51B4ECCB400C62D37 /* Class Methods */,
				06D2C70E1B4ECCB400C62D37 /* Class MethodsTests */,
			);
		};
/* End PBXProject section */

/* Begin PBXResourcesBuildPhase section */
		06D2C6F41B4ECCB400C62D37 /* Resources */ = {
			isa = PBXResourcesBuildPhase;
			buildActionMask = 2147483647;
			files = (
				06D2C7051B4ECCB400C62D37 /* Main.storyboard in Resources */,
				06D2C70A1B4ECCB400C62D37 /* LaunchScreen.xib in Resources */,
				06D2C7071B4ECCB400C62D37 /* Images.xcassets in Resources */,
			);
			runOnlyForDeploymentPostprocessing = 0;
		};
		06D2C70D1B4ECCB400C62D37 /* Resources */ = {
			isa = PBXResourcesBuildPhase;
			buildActionMask = 2147483647;
			files = (
			);
			runOnlyForDeploymentPostprocessing = 0;
		};
/* End PBXResourcesBuildPhase section */

/* Begin PBXSourcesBuildPhase section */
		06D2C6F21B4ECCB400C62D37 /* Sources */ = {
			isa = PBXSourcesBuildPhase;
			buildActionMask = 2147483647;
			files = (
				06D2C7211B4ECCED00C62D37 /* NameHelper.m in Sources */,
				06D2C7021B4ECCB400C62D37 /* ViewController.m in Sources */,
				06D2C6FF1B4ECCB400C62D37 /* AppDelegate.m in Sources */,
				06D2C6FC1B4ECCB400C62D37 /* main.m in Sources */,
			);
			runOnlyForDeploymentPostprocessing = 0;
		};
		06D2C70B1B4ECCB400C62D37 /* Sources */ = {
			isa = PBXSourcesBuildPhase;
			buildActionMask = 2147483647;
			files = (
				06D2C7161B4ECCB400C62D37 /* Class_MethodsTests.m in Sources */,
			);
			runOnlyForDeploymentPostprocessing = 0;
		};
/* End PBXSourcesBuildPhase section */

/* Begin PBXTargetDependency section */
		06D2C7111B4ECCB400C62D37 /* PBXTargetDependency */ = {
			isa = PBXTargetDependency;
			target = 06D2C6F51B4ECCB400C62D37 /* Class Methods */;
			targetProxy = 06D2C7101B4ECCB400C62D37 /* PBXContainerItemProxy */;
		};
/* End PBXTargetDependency section */

/* Begin PBXVariantGroup section */
		06D2C7031B4ECCB400C62D37 /* Main.storyboard */ = {
			isa = PBXVariantGroup;
			children = (
				06D2C7041B4ECCB400C62D37 /* Base */,
			);
			name = Main.storyboard;
			sourceTree = "<group>";
		};
		06D2C7081B4ECCB400C62D37 /* LaunchScreen.xib */ = {
			isa = PBXVariantGroup;
			children = (
				06D2C7091B4ECCB400C62D37 /* Base */,
			);
			name = LaunchScreen.xib;
			sourceTree = "<group>";
		};
/* End PBXVariantGroup section */

/* Begin XCBuildConfiguration section */
		06D2C7171B4ECCB400C62D37 /* Debug */ = {
			isa = XCBuildConfiguration;
			buildSettings = {
				ALWAYS_SEARCH_USER_PATHS = NO;
				CLANG_CXX_LANGUAGE_STANDARD = "gnu++0x";
				CLANG_CXX_LIBRARY = "libc++";
				CLANG_ENABLE_MODULES = YES;
				CLANG_ENABLE_OBJC_ARC = YES;
				CLANG_WARN_BOOL_CONVERSION = YES;
				CLANG_WARN_CONSTANT_CONVERSION = YES;
				CLANG_WARN_DIRECT_OBJC_ISA_USAGE = YES_ERROR;
				CLANG_WARN_EMPTY_BODY = YES;
				CLANG_WARN_ENUM_CONVERSION = YES;
				CLANG_WARN_INT_CONVERSION = YES;
				CLANG_WARN_OBJC_ROOT_CLASS = YES_ERROR;
				CLANG_WARN_UNREACHABLE_CODE = YES;
				CLANG_WARN__DUPLICATE_METHOD_MATCH = YES;
				"CODE_SIGN_IDENTITY[sdk=iphoneos*]" = "iPhone Developer";
				COPY_PHASE_STRIP = NO;
				DEBUG_INFORMATION_FORMAT = "dwarf-with-dsym";
				ENABLE_STRICT_OBJC_MSGSEND = YES;
				GCC_C_LANGUAGE_STANDARD = gnu99;
				GCC_DYNAMIC_NO_PIC = NO;
				GCC_NO_COMMON_BLOCKS = YES;
				GCC_OPTIMIZATION_LEVEL = 0;
				GCC_PREPROCESSOR_DEFINITIONS = (
					"DEBUG=1",
					"$(inherited)",
				);
				GCC_SYMBOLS_PRIVATE_EXTERN = NO;
				GCC_WARN_64_TO_32_BIT_CONVERSION = YES;
				GCC_WARN_ABOUT_RETURN_TYPE = YES_ERROR;
				GCC_WARN_UNDECLARED_SELECTOR = YES;
				GCC_WARN_UNINITIALIZED_AUTOS = YES_AGGRESSIVE;
				GCC_WARN_UNUSED_FUNCTION = YES;
				GCC_WARN_UNUSED_VARIABLE = YES;
				IPHONEOS_DEPLOYMENT_TARGET = 8.4;
				MTL_ENABLE_DEBUG_INFO = YES;
				ONLY_ACTIVE_ARCH = YES;
				SDKROOT = iphoneos;
				TARGETED_DEVICE_FAMILY = "1,2";
			};
			name = Debug;
		};
		06D2C7181B4ECCB400C62D37 /* Release */ = {
			isa = XCBuildConfiguration;
			buildSettings = {
				ALWAYS_SEARCH_USER_PATHS = NO;
				CLANG_CXX_LANGUAGE_STANDARD = "gnu++0x";
				CLANG_CXX_LIBRARY = "libc++";
				CLANG_ENABLE_MODULES = YES;
				CLANG_ENABLE_OBJC_ARC = YES;
				CLANG_WARN_BOOL_CONVERSION = YES;
				CLANG_WARN_CONSTANT_CONVERSION = YES;
				CLANG_WARN_DIRECT_OBJC_ISA_USAGE = YES_ERROR;
				CLANG_WARN_EMPTY_BODY = YES;
				CLANG_WARN_ENUM_CONVERSION = YES;
				CLANG_WARN_INT_CONVERSION = YES;
				CLANG_WARN_OBJC_ROOT_CLASS = YES_ERROR;
				CLANG_WARN_UNREACHABLE_CODE = YES;
				CLANG_WARN__DUPLICATE_METHOD_MATCH = YES;
				"CODE_SIGN_IDENTITY[sdk=iphoneos*]" = "iPhone Developer";
				COPY_PHASE_STRIP = NO;
				DEBUG_INFORMATION_FORMAT = "dwarf-with-dsym";
				ENABLE_NS_ASSERTIONS = NO;
				ENABLE_STRICT_OBJC_MSGSEND = YES;
				GCC_C_LANGUAGE_STANDARD = gnu99;
				GCC_NO_COMMON_BLOCKS = YES;
				GCC_WARN_64_TO_32_BIT_CONVERSION = YES;
				GCC_WARN_ABOUT_RETURN_TYPE = YES_ERROR;
				GCC_WARN_UNDECLARED_SELECTOR = YES;
				GCC_WARN_UNINITIALIZED_AUTOS = YES_AGGRESSIVE;
				GCC_WARN_UNUSED_FUNCTION = YES;
				GCC_WARN_UNUSED_VARIABLE = YES;
				IPHONEOS_DEPLOYMENT_TARGET = 8.4;
				MTL_ENABLE_DEBUG_INFO = NO;
				SDKROOT = iphoneos;
				TARGETED_DEVICE_FAMILY = "1,2";
				VALIDATE_PRODUCT = YES;
			};
			name = Release;
		};
		06D2C71A1B4ECCB400C62D37 /* Debug */ = {
			isa = XCBuildConfiguration;
			buildSettings = {
				ASSETCATALOG_COMPILER_APPICON_NAME = AppIcon;
				INFOPLIST_FILE = "Class Methods/Info.plist";
				LD_RUNPATH_SEARCH_PATHS = "$(inherited) @executable_path/Frameworks";
				PRODUCT_NAME = "$(TARGET_NAME)";
			};
			name = Debug;
		};
		06D2C71B1B4ECCB400C62D37 /* Release */ = {
			isa = XCBuildConfiguration;
			buildSettings = {
				ASSETCATALOG_COMPILER_APPICON_NAME = AppIcon;
				INFOPLIST_FILE = "Class Methods/Info.plist";
				LD_RUNPATH_SEARCH_PATHS = "$(inherited) @executable_path/Frameworks";
				PRODUCT_NAME = "$(TARGET_NAME)";
			};
			name = Release;
		};
		06D2C71D1B4ECCB400C62D37 /* Debug */ = {
			isa = XCBuildConfiguration;
			buildSettings = {
				BUNDLE_LOADER = "$(TEST_HOST)";
				FRAMEWORK_SEARCH_PATHS = (
					"$(SDKROOT)/Developer/Library/Frameworks",
					"$(inherited)",
				);
				GCC_PREPROCESSOR_DEFINITIONS = (
					"DEBUG=1",
					"$(inherited)",
				);
				INFOPLIST_FILE = "Class MethodsTests/Info.plist";
				LD_RUNPATH_SEARCH_PATHS = "$(inherited) @executable_path/Frameworks @loader_path/Frameworks";
				PRODUCT_NAME = "$(TARGET_NAME)";
				TEST_HOST = "$(BUILT_PRODUCTS_DIR)/Class Methods.app/Class Methods";
			};
			name = Debug;
		};
		06D2C71E1B4ECCB400C62D37 /* Release */ = {
			isa = XCBuildConfiguration;
			buildSettings = {
				BUNDLE_LOADER = "$(TEST_HOST)";
				FRAMEWORK_SEARCH_PATHS = (
					"$(SDKROOT)/Developer/Library/Frameworks",
					"$(inherited)",
				);
				INFOPLIST_FILE = "Class MethodsTests/Info.plist";
				LD_RUNPATH_SEARCH_PATHS = "$(inherited) @executable_path/Frameworks @loader_path/Frameworks";
				PRODUCT_NAME = "$(TARGET_NAME)";
				TEST_HOST = "$(BUILT_PRODUCTS_DIR)/Class Methods.app/Class Methods";
			};
			name = Release;
		};
/* End XCBuildConfiguration section */

/* Begin XCConfigurationList section */
		06D2C6F11B4ECCB400C62D37 /* Build configuration list for PBXProject "Class Methods" */ = {
			isa = XCConfigurationList;
			buildConfigurations = (
				06D2C7171B4ECCB400C62D37 /* Debug */,
				06D2C7181B4ECCB400C62D37 /* Release */,
			);
			defaultConfigurationIsVisible = 0;
			defaultConfigurationName = Release;
		};
		06D2C7191B4ECCB400C62D37 /* Build configuration list for PBXNativeTarget "Class Methods" */ = {
			isa = XCConfigurationList;
			buildConfigurations = (
				06D2C71A1B4ECCB400C62D37 /* Debug */,
				06D2C71B1B4ECCB400C62D37 /* Release */,
			);
			defaultConfigurationIsVisible = 0;
		};
		06D2C71C1B4ECCB400C62D37 /* Build configuration list for PBXNativeTarget "Class MethodsTests" */ = {
			isa = XCConfigurationList;
			buildConfigurations = (
				06D2C71D1B4ECCB400C62D37 /* Debug */,
				06D2C71E1B4ECCB400C62D37 /* Release */,
			);
			defaultConfigurationIsVisible = 0;
		};
/* End XCConfigurationList section */
	};
	rootObject = 06D2C6EE1B4ECCB400C62D37 /* Project object */;
}
